# This file is automatically @generated by Poetry 1.8.4 and should not be changed by hand.

[[package]]
name = "shortuuid"
version = "1.0.13"
description = "A generator library for concise, unambiguous and URL-safe UUIDs."
optional = false
python-versions = ">=3.6"
files = [
    {file = "shortuuid-1.0.13-py3-none-any.whl", hash = "sha256:a482a497300b49b4953e15108a7913244e1bb0d41f9d332f5e9925dba33a3c5a"},
    {file = "shortuuid-1.0.13.tar.gz", hash = "sha256:3bb9cf07f606260584b1df46399c0b87dd84773e7b25912b7e391e30797c5e72"},
]

[metadata]
lock-version = "2.0"
python-versions = "3.9.6"
content-hash = "f1f2fa88016b32235595d81052d4c9a28a6545480aa6896f2ecdb60ed87951d4"
